// !$*UTF8*$!
{
	archiveVersion = 1;
	classes = {
	};
	objectVersion = 46;
	objects = {

/* Begin PBXBuildFile section */
		071D19D51C94C93D00543F77 /* Duration.h in Headers */ = {isa = PBXBuildFile; fileRef = 071D19D41C94C93D00543F77 /* Duration.h */; settings = {ATTRIBUTES = (Public, ); }; };
		071D19DC1C94C93D00543F77 /* Duration.framework in Frameworks */ = {isa = PBXBuildFile; fileRef = 071D19D11C94C93D00543F77 /* Duration.framework */; };
		071D19FC1C94C95F00543F77 /* Duration.framework in Frameworks */ = {isa = PBXBuildFile; fileRef = 071D19F21C94C95F00543F77 /* Duration.framework */; };
		071D1A091C94C98200543F77 /* Duration.h in Headers */ = {isa = PBXBuildFile; fileRef = 071D19D41C94C93D00543F77 /* Duration.h */; settings = {ATTRIBUTES = (Public, ); }; };
		071D1A0B1C94C9BA00543F77 /* Duration.framework in CopyFiles */ = {isa = PBXBuildFile; fileRef = 071D19D11C94C93D00543F77 /* Duration.framework */; settings = {ATTRIBUTES = (CodeSignOnCopy, RemoveHeadersOnCopy, ); }; };
		071D1A0D1C94C9C600543F77 /* Duration.framework in CopyFiles */ = {isa = PBXBuildFile; fileRef = 071D19F21C94C95F00543F77 /* Duration.framework */; settings = {ATTRIBUTES = (CodeSignOnCopy, RemoveHeadersOnCopy, ); }; };
		071D1A211C94CB4C00543F77 /* Subdivision.swift in Sources */ = {isa = PBXBuildFile; fileRef = 071D1A1D1C94CB4C00543F77 /* Subdivision.swift */; };
		071D1A221C94CB4C00543F77 /* Subdivision.swift in Sources */ = {isa = PBXBuildFile; fileRef = 071D1A1D1C94CB4C00543F77 /* Subdivision.swift */; };
		071D1A231C94CB4C00543F77 /* Beats.swift in Sources */ = {isa = PBXBuildFile; fileRef = 071D1A1E1C94CB4C00543F77 /* Beats.swift */; };
		071D1A241C94CB4C00543F77 /* Beats.swift in Sources */ = {isa = PBXBuildFile; fileRef = 071D1A1E1C94CB4C00543F77 /* Beats.swift */; };
		071D1A251C94CB4C00543F77 /* MetricalDuration.swift in Sources */ = {isa = PBXBuildFile; fileRef = 071D1A1F1C94CB4C00543F77 /* MetricalDuration.swift */; };
		071D1A261C94CB4C00543F77 /* MetricalDuration.swift in Sources */ = {isa = PBXBuildFile; fileRef = 071D1A1F1C94CB4C00543F77 /* MetricalDuration.swift */; };
		071D1A271C94CB4C00543F77 /* MetricalDurationInterval.swift in Sources */ = {isa = PBXBuildFile; fileRef = 071D1A201C94CB4C00543F77 /* MetricalDurationInterval.swift */; };
		071D1A281C94CB4C00543F77 /* MetricalDurationInterval.swift in Sources */ = {isa = PBXBuildFile; fileRef = 071D1A201C94CB4C00543F77 /* MetricalDurationInterval.swift */; };
		071D1A2D1C94CBFB00543F77 /* SubdivisionTests.swift in Sources */ = {isa = PBXBuildFile; fileRef = 071D1A291C94CBFB00543F77 /* SubdivisionTests.swift */; };
		071D1A2E1C94CBFB00543F77 /* SubdivisionTests.swift in Sources */ = {isa = PBXBuildFile; fileRef = 071D1A291C94CBFB00543F77 /* SubdivisionTests.swift */; };
		071D1A2F1C94CBFB00543F77 /* MetricalDurationIntervalTests.swift in Sources */ = {isa = PBXBuildFile; fileRef = 071D1A2A1C94CBFB00543F77 /* MetricalDurationIntervalTests.swift */; };
		071D1A301C94CBFB00543F77 /* MetricalDurationIntervalTests.swift in Sources */ = {isa = PBXBuildFile; fileRef = 071D1A2A1C94CBFB00543F77 /* MetricalDurationIntervalTests.swift */; };
		071D1A331C94CBFB00543F77 /* MetricalDurationTests.swift in Sources */ = {isa = PBXBuildFile; fileRef = 071D1A2C1C94CBFB00543F77 /* MetricalDurationTests.swift */; };
		071D1A341C94CBFB00543F77 /* MetricalDurationTests.swift in Sources */ = {isa = PBXBuildFile; fileRef = 071D1A2C1C94CBFB00543F77 /* MetricalDurationTests.swift */; };
		073DBA911C94DC8500EAFA61 /* IntervalTools.framework in Frameworks */ = {isa = PBXBuildFile; fileRef = 073DBA8E1C94DC8500EAFA61 /* IntervalTools.framework */; };
		073DBA921C94DC8500EAFA61 /* ArrayTools.framework in Frameworks */ = {isa = PBXBuildFile; fileRef = 073DBA8F1C94DC8500EAFA61 /* ArrayTools.framework */; };
		073DBA931C94DC8500EAFA61 /* ArithmeticTools.framework in Frameworks */ = {isa = PBXBuildFile; fileRef = 073DBA901C94DC8500EAFA61 /* ArithmeticTools.framework */; };
		073DBA971C94DC9B00EAFA61 /* IntervalTools.framework in Frameworks */ = {isa = PBXBuildFile; fileRef = 073DBA941C94DC9B00EAFA61 /* IntervalTools.framework */; };
		073DBA981C94DC9B00EAFA61 /* ArrayTools.framework in Frameworks */ = {isa = PBXBuildFile; fileRef = 073DBA951C94DC9B00EAFA61 /* ArrayTools.framework */; };
		073DBA991C94DC9B00EAFA61 /* ArithmeticTools.framework in Frameworks */ = {isa = PBXBuildFile; fileRef = 073DBA961C94DC9B00EAFA61 /* ArithmeticTools.framework */; };
		076CCBDB1C9B5431007DC5F6 /* TreeTools.framework in Frameworks */ = {isa = PBXBuildFile; fileRef = 076CCBD81C9B5431007DC5F6 /* TreeTools.framework */; };
		076CCBDC1C9B5431007DC5F6 /* EnumTools.framework in Frameworks */ = {isa = PBXBuildFile; fileRef = 076CCBD91C9B5431007DC5F6 /* EnumTools.framework */; };
		076CCBDD1C9B5431007DC5F6 /* DirectionTools.framework in Frameworks */ = {isa = PBXBuildFile; fileRef = 076CCBDA1C9B5431007DC5F6 /* DirectionTools.framework */; };
		076CCBE11C9B5449007DC5F6 /* TreeTools.framework in Frameworks */ = {isa = PBXBuildFile; fileRef = 076CCBDE1C9B5449007DC5F6 /* TreeTools.framework */; };
		076CCBE21C9B5449007DC5F6 /* EnumTools.framework in Frameworks */ = {isa = PBXBuildFile; fileRef = 076CCBDF1C9B5449007DC5F6 /* EnumTools.framework */; };
		076CCBE31C9B5449007DC5F6 /* DirectionTools.framework in Frameworks */ = {isa = PBXBuildFile; fileRef = 076CCBE01C9B5449007DC5F6 /* DirectionTools.framework */; };
		076CCBEB1C9B5CF5007DC5F6 /* RigidMetricalDurationNode.swift in Sources */ = {isa = PBXBuildFile; fileRef = 076CCBEA1C9B5CF5007DC5F6 /* RigidMetricalDurationNode.swift */; };
		076CCBEC1C9B5CF5007DC5F6 /* RigidMetricalDurationNode.swift in Sources */ = {isa = PBXBuildFile; fileRef = 076CCBEA1C9B5CF5007DC5F6 /* RigidMetricalDurationNode.swift */; };
		076CCBEE1C9B5D0E007DC5F6 /* ElasticMetricalDurationNode.swift in Sources */ = {isa = PBXBuildFile; fileRef = 076CCBED1C9B5D0E007DC5F6 /* ElasticMetricalDurationNode.swift */; };
		076CCBEF1C9B5D0E007DC5F6 /* ElasticMetricalDurationNode.swift in Sources */ = {isa = PBXBuildFile; fileRef = 076CCBED1C9B5D0E007DC5F6 /* ElasticMetricalDurationNode.swift */; };
		079980A81C9B3984006A55B8 /* MetricalDurationSpanning.swift in Sources */ = {isa = PBXBuildFile; fileRef = 079980A71C9B3984006A55B8 /* MetricalDurationSpanning.swift */; };
		079980A91C9B3984006A55B8 /* MetricalDurationSpanning.swift in Sources */ = {isa = PBXBuildFile; fileRef = 079980A71C9B3984006A55B8 /* MetricalDurationSpanning.swift */; };
		079980AE1C9B45B2006A55B8 /* MetricalDurationNode.swift in Sources */ = {isa = PBXBuildFile; fileRef = 079980AD1C9B45B2006A55B8 /* MetricalDurationNode.swift */; };
		079980AF1C9B45B2006A55B8 /* MetricalDurationNode.swift in Sources */ = {isa = PBXBuildFile; fileRef = 079980AD1C9B45B2006A55B8 /* MetricalDurationNode.swift */; };
		07BD49101CB412F800E5D9C6 /* Measure.swift in Sources */ = {isa = PBXBuildFile; fileRef = 07BD490F1CB412F800E5D9C6 /* Measure.swift */; };
		07BD49111CB412F800E5D9C6 /* Measure.swift in Sources */ = {isa = PBXBuildFile; fileRef = 07BD490F1CB412F800E5D9C6 /* Measure.swift */; };
		07BD49131CB4152700E5D9C6 /* Tempo.swift in Sources */ = {isa = PBXBuildFile; fileRef = 07BD49121CB4152700E5D9C6 /* Tempo.swift */; };
		07BD49141CB4152700E5D9C6 /* Tempo.swift in Sources */ = {isa = PBXBuildFile; fileRef = 07BD49121CB4152700E5D9C6 /* Tempo.swift */; };
		07BD49161CB415BF00E5D9C6 /* TempoInterpolation.swift in Sources */ = {isa = PBXBuildFile; fileRef = 07BD49151CB415BF00E5D9C6 /* TempoInterpolation.swift */; };
		07BD49171CB415BF00E5D9C6 /* TempoInterpolation.swift in Sources */ = {isa = PBXBuildFile; fileRef = 07BD49151CB415BF00E5D9C6 /* TempoInterpolation.swift */; };
		07BD49191CB4171200E5D9C6 /* Interpolation.swift in Sources */ = {isa = PBXBuildFile; fileRef = 07BD49181CB4171200E5D9C6 /* Interpolation.swift */; };
		07BD491A1CB4171200E5D9C6 /* Interpolation.swift in Sources */ = {isa = PBXBuildFile; fileRef = 07BD49181CB4171200E5D9C6 /* Interpolation.swift */; };
		07BD491C1CB4179C00E5D9C6 /* TempoContext.swift in Sources */ = {isa = PBXBuildFile; fileRef = 07BD491B1CB4179C00E5D9C6 /* TempoContext.swift */; };
		07BD491D1CB4179C00E5D9C6 /* TempoContext.swift in Sources */ = {isa = PBXBuildFile; fileRef = 07BD491B1CB4179C00E5D9C6 /* TempoContext.swift */; };
		07BD491F1CB418A100E5D9C6 /* Duration.swift in Sources */ = {isa = PBXBuildFile; fileRef = 07BD491E1CB418A100E5D9C6 /* Duration.swift */; };
		07BD49201CB418A100E5D9C6 /* Duration.swift in Sources */ = {isa = PBXBuildFile; fileRef = 07BD491E1CB418A100E5D9C6 /* Duration.swift */; };
		07BD49221CB4193900E5D9C6 /* DurationInterval.swift in Sources */ = {isa = PBXBuildFile; fileRef = 07BD49211CB4193900E5D9C6 /* DurationInterval.swift */; };
		07BD49231CB4193900E5D9C6 /* DurationInterval.swift in Sources */ = {isa = PBXBuildFile; fileRef = 07BD49211CB4193900E5D9C6 /* DurationInterval.swift */; };
		07CC264F1C94DDF00099C21C /* IntervalTools.framework in Frameworks */ = {isa = PBXBuildFile; fileRef = 073DBA8E1C94DC8500EAFA61 /* IntervalTools.framework */; };
		07CC26501C94DDF00099C21C /* ArrayTools.framework in Frameworks */ = {isa = PBXBuildFile; fileRef = 073DBA8F1C94DC8500EAFA61 /* ArrayTools.framework */; };
		07CC26511C94DDF00099C21C /* ArithmeticTools.framework in Frameworks */ = {isa = PBXBuildFile; fileRef = 073DBA901C94DC8500EAFA61 /* ArithmeticTools.framework */; };
		07CC26521C94DDF60099C21C /* IntervalTools.framework in Frameworks */ = {isa = PBXBuildFile; fileRef = 073DBA941C94DC9B00EAFA61 /* IntervalTools.framework */; };
		07CC26531C94DDF60099C21C /* ArrayTools.framework in Frameworks */ = {isa = PBXBuildFile; fileRef = 073DBA951C94DC9B00EAFA61 /* ArrayTools.framework */; };
		07CC26541C94DDF60099C21C /* ArithmeticTools.framework in Frameworks */ = {isa = PBXBuildFile; fileRef = 073DBA961C94DC9B00EAFA61 /* ArithmeticTools.framework */; };
/* End PBXBuildFile section */

/* Begin PBXContainerItemProxy section */
		071D19DD1C94C93D00543F77 /* PBXContainerItemProxy */ = {
			isa = PBXContainerItemProxy;
			containerPortal = 071D19C81C94C93D00543F77 /* Project object */;
			proxyType = 1;
			remoteGlobalIDString = 071D19D01C94C93D00543F77;
			remoteInfo = Duration;
		};
		071D19FD1C94C95F00543F77 /* PBXContainerItemProxy */ = {
			isa = PBXContainerItemProxy;
			containerPortal = 071D19C81C94C93D00543F77 /* Project object */;
			proxyType = 1;
			remoteGlobalIDString = 071D19F11C94C95F00543F77;
			remoteInfo = DurationMac;
		};
/* End PBXContainerItemProxy section */

/* Begin PBXCopyFilesBuildPhase section */
		071D1A0A1C94C9B600543F77 /* CopyFiles */ = {
			isa = PBXCopyFilesBuildPhase;
			buildActionMask = 2147483647;
			dstPath = "";
			dstSubfolderSpec = 7;
			files = (
				071D1A0B1C94C9BA00543F77 /* Duration.framework in CopyFiles */,
			);
			runOnlyForDeploymentPostprocessing = 0;
		};
		071D1A0C1C94C9C200543F77 /* CopyFiles */ = {
			isa = PBXCopyFilesBuildPhase;
			buildActionMask = 2147483647;
			dstPath = "";
			dstSubfolderSpec = 7;
			files = (
				071D1A0D1C94C9C600543F77 /* Duration.framework in CopyFiles */,
			);
			runOnlyForDeploymentPostprocessing = 0;
		};
/* End PBXCopyFilesBuildPhase section */

/* Begin PBXFileReference section */
		071D19D11C94C93D00543F77 /* Duration.framework */ = {isa = PBXFileReference; explicitFileType = wrapper.framework; includeInIndex = 0; path = Duration.framework; sourceTree = BUILT_PRODUCTS_DIR; };
		071D19D41C94C93D00543F77 /* Duration.h */ = {isa = PBXFileReference; lastKnownFileType = sourcecode.c.h; name = Duration.h; path = Duration/Duration.h; sourceTree = "<group>"; };
		071D19D61C94C93D00543F77 /* Info.plist */ = {isa = PBXFileReference; lastKnownFileType = text.plist.xml; path = Info.plist; sourceTree = "<group>"; };
		071D19DB1C94C93D00543F77 /* DurationTests.xctest */ = {isa = PBXFileReference; explicitFileType = wrapper.cfbundle; includeInIndex = 0; path = DurationTests.xctest; sourceTree = BUILT_PRODUCTS_DIR; };
		071D19E21C94C93D00543F77 /* Info.plist */ = {isa = PBXFileReference; lastKnownFileType = text.plist.xml; path = Info.plist; sourceTree = "<group>"; };
		071D19F21C94C95F00543F77 /* Duration.framework */ = {isa = PBXFileReference; explicitFileType = wrapper.framework; includeInIndex = 0; path = Duration.framework; sourceTree = BUILT_PRODUCTS_DIR; };
		071D19FB1C94C95F00543F77 /* DurationMacTests.xctest */ = {isa = PBXFileReference; explicitFileType = wrapper.cfbundle; includeInIndex = 0; path = DurationMacTests.xctest; sourceTree = BUILT_PRODUCTS_DIR; };
		071D1A1D1C94CB4C00543F77 /* Subdivision.swift */ = {isa = PBXFileReference; fileEncoding = 4; lastKnownFileType = sourcecode.swift; path = Subdivision.swift; sourceTree = "<group>"; };
		071D1A1E1C94CB4C00543F77 /* Beats.swift */ = {isa = PBXFileReference; fileEncoding = 4; lastKnownFileType = sourcecode.swift; path = Beats.swift; sourceTree = "<group>"; };
		071D1A1F1C94CB4C00543F77 /* MetricalDuration.swift */ = {isa = PBXFileReference; fileEncoding = 4; lastKnownFileType = sourcecode.swift; path = MetricalDuration.swift; sourceTree = "<group>"; };
		071D1A201C94CB4C00543F77 /* MetricalDurationInterval.swift */ = {isa = PBXFileReference; fileEncoding = 4; lastKnownFileType = sourcecode.swift; path = MetricalDurationInterval.swift; sourceTree = "<group>"; };
		071D1A291C94CBFB00543F77 /* SubdivisionTests.swift */ = {isa = PBXFileReference; fileEncoding = 4; lastKnownFileType = sourcecode.swift; path = SubdivisionTests.swift; sourceTree = "<group>"; };
		071D1A2A1C94CBFB00543F77 /* MetricalDurationIntervalTests.swift */ = {isa = PBXFileReference; fileEncoding = 4; lastKnownFileType = sourcecode.swift; path = MetricalDurationIntervalTests.swift; sourceTree = "<group>"; };
		071D1A2C1C94CBFB00543F77 /* MetricalDurationTests.swift */ = {isa = PBXFileReference; fileEncoding = 4; lastKnownFileType = sourcecode.swift; path = MetricalDurationTests.swift; sourceTree = "<group>"; };
		073DBA8E1C94DC8500EAFA61 /* IntervalTools.framework */ = {isa = PBXFileReference; lastKnownFileType = wrapper.framework; name = IntervalTools.framework; path = Carthage/Build/iOS/IntervalTools.framework; sourceTree = "<group>"; };
		073DBA8F1C94DC8500EAFA61 /* ArrayTools.framework */ = {isa = PBXFileReference; lastKnownFileType = wrapper.framework; name = ArrayTools.framework; path = Carthage/Build/iOS/ArrayTools.framework; sourceTree = "<group>"; };
		073DBA901C94DC8500EAFA61 /* ArithmeticTools.framework */ = {isa = PBXFileReference; lastKnownFileType = wrapper.framework; name = ArithmeticTools.framework; path = Carthage/Build/iOS/ArithmeticTools.framework; sourceTree = "<group>"; };
		073DBA941C94DC9B00EAFA61 /* IntervalTools.framework */ = {isa = PBXFileReference; lastKnownFileType = wrapper.framework; name = IntervalTools.framework; path = Carthage/Build/Mac/IntervalTools.framework; sourceTree = "<group>"; };
		073DBA951C94DC9B00EAFA61 /* ArrayTools.framework */ = {isa = PBXFileReference; lastKnownFileType = wrapper.framework; name = ArrayTools.framework; path = Carthage/Build/Mac/ArrayTools.framework; sourceTree = "<group>"; };
		073DBA961C94DC9B00EAFA61 /* ArithmeticTools.framework */ = {isa = PBXFileReference; lastKnownFileType = wrapper.framework; name = ArithmeticTools.framework; path = Carthage/Build/Mac/ArithmeticTools.framework; sourceTree = "<group>"; };
		076CCBD81C9B5431007DC5F6 /* TreeTools.framework */ = {isa = PBXFileReference; lastKnownFileType = wrapper.framework; name = TreeTools.framework; path = Carthage/Build/iOS/TreeTools.framework; sourceTree = "<group>"; };
		076CCBD91C9B5431007DC5F6 /* EnumTools.framework */ = {isa = PBXFileReference; lastKnownFileType = wrapper.framework; name = EnumTools.framework; path = Carthage/Build/iOS/EnumTools.framework; sourceTree = "<group>"; };
		076CCBDA1C9B5431007DC5F6 /* DirectionTools.framework */ = {isa = PBXFileReference; lastKnownFileType = wrapper.framework; name = DirectionTools.framework; path = Carthage/Build/iOS/DirectionTools.framework; sourceTree = "<group>"; };
		076CCBDE1C9B5449007DC5F6 /* TreeTools.framework */ = {isa = PBXFileReference; lastKnownFileType = wrapper.framework; name = TreeTools.framework; path = Carthage/Build/Mac/TreeTools.framework; sourceTree = "<group>"; };
		076CCBDF1C9B5449007DC5F6 /* EnumTools.framework */ = {isa = PBXFileReference; lastKnownFileType = wrapper.framework; name = EnumTools.framework; path = Carthage/Build/Mac/EnumTools.framework; sourceTree = "<group>"; };
		076CCBE01C9B5449007DC5F6 /* DirectionTools.framework */ = {isa = PBXFileReference; lastKnownFileType = wrapper.framework; name = DirectionTools.framework; path = Carthage/Build/Mac/DirectionTools.framework; sourceTree = "<group>"; };
		076CCBEA1C9B5CF5007DC5F6 /* RigidMetricalDurationNode.swift */ = {isa = PBXFileReference; fileEncoding = 4; lastKnownFileType = sourcecode.swift; path = RigidMetricalDurationNode.swift; sourceTree = "<group>"; };
		076CCBED1C9B5D0E007DC5F6 /* ElasticMetricalDurationNode.swift */ = {isa = PBXFileReference; fileEncoding = 4; lastKnownFileType = sourcecode.swift; path = ElasticMetricalDurationNode.swift; sourceTree = "<group>"; };
		079980A71C9B3984006A55B8 /* MetricalDurationSpanning.swift */ = {isa = PBXFileReference; fileEncoding = 4; lastKnownFileType = sourcecode.swift; path = MetricalDurationSpanning.swift; sourceTree = "<group>"; };
		079980AD1C9B45B2006A55B8 /* MetricalDurationNode.swift */ = {isa = PBXFileReference; fileEncoding = 4; lastKnownFileType = sourcecode.swift; path = MetricalDurationNode.swift; sourceTree = "<group>"; };
		07BD490F1CB412F800E5D9C6 /* Measure.swift */ = {isa = PBXFileReference; fileEncoding = 4; lastKnownFileType = sourcecode.swift; path = Measure.swift; sourceTree = "<group>"; };
		07BD49121CB4152700E5D9C6 /* Tempo.swift */ = {isa = PBXFileReference; fileEncoding = 4; lastKnownFileType = sourcecode.swift; path = Tempo.swift; sourceTree = "<group>"; };
		07BD49151CB415BF00E5D9C6 /* TempoInterpolation.swift */ = {isa = PBXFileReference; fileEncoding = 4; lastKnownFileType = sourcecode.swift; path = TempoInterpolation.swift; sourceTree = "<group>"; };
		07BD49181CB4171200E5D9C6 /* Interpolation.swift */ = {isa = PBXFileReference; fileEncoding = 4; lastKnownFileType = sourcecode.swift; path = Interpolation.swift; sourceTree = "<group>"; };
		07BD491B1CB4179C00E5D9C6 /* TempoContext.swift */ = {isa = PBXFileReference; fileEncoding = 4; lastKnownFileType = sourcecode.swift; path = TempoContext.swift; sourceTree = "<group>"; };
		07BD491E1CB418A100E5D9C6 /* Duration.swift */ = {isa = PBXFileReference; fileEncoding = 4; lastKnownFileType = sourcecode.swift; path = Duration.swift; sourceTree = "<group>"; };
		07BD49211CB4193900E5D9C6 /* DurationInterval.swift */ = {isa = PBXFileReference; fileEncoding = 4; lastKnownFileType = sourcecode.swift; path = DurationInterval.swift; sourceTree = "<group>"; };
/* End PBXFileReference section */

/* Begin PBXFrameworksBuildPhase section */
		071D19CD1C94C93D00543F77 /* Frameworks */ = {
			isa = PBXFrameworksBuildPhase;
			buildActionMask = 2147483647;
			files = (
				076CCBDB1C9B5431007DC5F6 /* TreeTools.framework in Frameworks */,
				076CCBDC1C9B5431007DC5F6 /* EnumTools.framework in Frameworks */,
				076CCBDD1C9B5431007DC5F6 /* DirectionTools.framework in Frameworks */,
				073DBA911C94DC8500EAFA61 /* IntervalTools.framework in Frameworks */,
				073DBA921C94DC8500EAFA61 /* ArrayTools.framework in Frameworks */,
				073DBA931C94DC8500EAFA61 /* ArithmeticTools.framework in Frameworks */,
			);
			runOnlyForDeploymentPostprocessing = 0;
		};
		071D19D81C94C93D00543F77 /* Frameworks */ = {
			isa = PBXFrameworksBuildPhase;
			buildActionMask = 2147483647;
			files = (
				07CC26501C94DDF00099C21C /* ArrayTools.framework in Frameworks */,
				07CC26511C94DDF00099C21C /* ArithmeticTools.framework in Frameworks */,
				071D19DC1C94C93D00543F77 /* Duration.framework in Frameworks */,
				07CC264F1C94DDF00099C21C /* IntervalTools.framework in Frameworks */,
			);
			runOnlyForDeploymentPostprocessing = 0;
		};
		071D19EE1C94C95F00543F77 /* Frameworks */ = {
			isa = PBXFrameworksBuildPhase;
			buildActionMask = 2147483647;
			files = (
				076CCBE11C9B5449007DC5F6 /* TreeTools.framework in Frameworks */,
				076CCBE21C9B5449007DC5F6 /* EnumTools.framework in Frameworks */,
				076CCBE31C9B5449007DC5F6 /* DirectionTools.framework in Frameworks */,
				073DBA971C94DC9B00EAFA61 /* IntervalTools.framework in Frameworks */,
				073DBA981C94DC9B00EAFA61 /* ArrayTools.framework in Frameworks */,
				073DBA991C94DC9B00EAFA61 /* ArithmeticTools.framework in Frameworks */,
			);
			runOnlyForDeploymentPostprocessing = 0;
		};
		071D19F81C94C95F00543F77 /* Frameworks */ = {
			isa = PBXFrameworksBuildPhase;
			buildActionMask = 2147483647;
			files = (
				07CC26521C94DDF60099C21C /* IntervalTools.framework in Frameworks */,
				07CC26531C94DDF60099C21C /* ArrayTools.framework in Frameworks */,
				07CC26541C94DDF60099C21C /* ArithmeticTools.framework in Frameworks */,
				071D19FC1C94C95F00543F77 /* Duration.framework in Frameworks */,
			);
			runOnlyForDeploymentPostprocessing = 0;
		};
/* End PBXFrameworksBuildPhase section */

/* Begin PBXGroup section */
		071D19C71C94C93D00543F77 = {
			isa = PBXGroup;
			children = (
				071D19D41C94C93D00543F77 /* Duration.h */,
				071D19D31C94C93D00543F77 /* Duration */,
				071D19DF1C94C93D00543F77 /* DurationTests */,
				071D1A0E1C94CAEF00543F77 /* Frameworks */,
				071D19D21C94C93D00543F77 /* Products */,
			);
			sourceTree = "<group>";
		};
		071D19D21C94C93D00543F77 /* Products */ = {
			isa = PBXGroup;
			children = (
				071D19D11C94C93D00543F77 /* Duration.framework */,
				071D19DB1C94C93D00543F77 /* DurationTests.xctest */,
				071D19F21C94C95F00543F77 /* Duration.framework */,
				071D19FB1C94C95F00543F77 /* DurationMacTests.xctest */,
			);
			name = Products;
			sourceTree = "<group>";
		};
		071D19D31C94C93D00543F77 /* Duration */ = {
			isa = PBXGroup;
			children = (
				07BD49261CB41C9900E5D9C6 /* MetricalDuration */,
				07BD49241CB41C5800E5D9C6 /* Tempo */,
				071D19EB1C94C94400543F77 /* Supporting Files */,
				07BD491E1CB418A100E5D9C6 /* Duration.swift */,
				07BD49211CB4193900E5D9C6 /* DurationInterval.swift */,
				07BD490F1CB412F800E5D9C6 /* Measure.swift */,
				07BD49181CB4171200E5D9C6 /* Interpolation.swift */,
			);
			path = Duration;
			sourceTree = "<group>";
		};
		071D19DF1C94C93D00543F77 /* DurationTests */ = {
			isa = PBXGroup;
			children = (
				071D19EC1C94C94E00543F77 /* Supporting Files */,
				071D1A291C94CBFB00543F77 /* SubdivisionTests.swift */,
				071D1A2A1C94CBFB00543F77 /* MetricalDurationIntervalTests.swift */,
				071D1A2C1C94CBFB00543F77 /* MetricalDurationTests.swift */,
			);
			path = DurationTests;
			sourceTree = "<group>";
		};
		071D19EB1C94C94400543F77 /* Supporting Files */ = {
			isa = PBXGroup;
			children = (
				071D19D61C94C93D00543F77 /* Info.plist */,
			);
			name = "Supporting Files";
			sourceTree = "<group>";
		};
		071D19EC1C94C94E00543F77 /* Supporting Files */ = {
			isa = PBXGroup;
			children = (
				071D19E21C94C93D00543F77 /* Info.plist */,
			);
			name = "Supporting Files";
			sourceTree = "<group>";
		};
		071D1A0E1C94CAEF00543F77 /* Frameworks */ = {
			isa = PBXGroup;
			children = (
				071D1A101C94CAFD00543F77 /* Mac */,
				071D1A0F1C94CAFA00543F77 /* iOS */,
			);
			name = Frameworks;
			sourceTree = "<group>";
		};
		071D1A0F1C94CAFA00543F77 /* iOS */ = {
			isa = PBXGroup;
			children = (
				076CCBD81C9B5431007DC5F6 /* TreeTools.framework */,
				076CCBD91C9B5431007DC5F6 /* EnumTools.framework */,
				076CCBDA1C9B5431007DC5F6 /* DirectionTools.framework */,
				073DBA8E1C94DC8500EAFA61 /* IntervalTools.framework */,
				073DBA8F1C94DC8500EAFA61 /* ArrayTools.framework */,
				073DBA901C94DC8500EAFA61 /* ArithmeticTools.framework */,
			);
			name = iOS;
			sourceTree = "<group>";
		};
		071D1A101C94CAFD00543F77 /* Mac */ = {
			isa = PBXGroup;
			children = (
				076CCBDE1C9B5449007DC5F6 /* TreeTools.framework */,
				076CCBDF1C9B5449007DC5F6 /* EnumTools.framework */,
				076CCBE01C9B5449007DC5F6 /* DirectionTools.framework */,
				073DBA941C94DC9B00EAFA61 /* IntervalTools.framework */,
				073DBA951C94DC9B00EAFA61 /* ArrayTools.framework */,
				073DBA961C94DC9B00EAFA61 /* ArithmeticTools.framework */,
			);
			name = Mac;
			sourceTree = "<group>";
		};
		07BD49241CB41C5800E5D9C6 /* Tempo */ = {
			isa = PBXGroup;
			children = (
				07BD49121CB4152700E5D9C6 /* Tempo.swift */,
				07BD491B1CB4179C00E5D9C6 /* TempoContext.swift */,
				07BD49151CB415BF00E5D9C6 /* TempoInterpolation.swift */,
			);
			name = Tempo;
			sourceTree = "<group>";
		};
		07BD49261CB41C9900E5D9C6 /* MetricalDuration */ = {
			isa = PBXGroup;
			children = (
				071D1A1F1C94CB4C00543F77 /* MetricalDuration.swift */,
				071D1A1D1C94CB4C00543F77 /* Subdivision.swift */,
				071D1A1E1C94CB4C00543F77 /* Beats.swift */,
				079980AD1C9B45B2006A55B8 /* MetricalDurationNode.swift */,
				076CCBEA1C9B5CF5007DC5F6 /* RigidMetricalDurationNode.swift */,
				076CCBED1C9B5D0E007DC5F6 /* ElasticMetricalDurationNode.swift */,
				071D1A201C94CB4C00543F77 /* MetricalDurationInterval.swift */,
				079980A71C9B3984006A55B8 /* MetricalDurationSpanning.swift */,
			);
			name = MetricalDuration;
			sourceTree = "<group>";
		};
/* End PBXGroup section */

/* Begin PBXHeadersBuildPhase section */
		071D19CE1C94C93D00543F77 /* Headers */ = {
			isa = PBXHeadersBuildPhase;
			buildActionMask = 2147483647;
			files = (
				071D19D51C94C93D00543F77 /* Duration.h in Headers */,
			);
			runOnlyForDeploymentPostprocessing = 0;
		};
		071D19EF1C94C95F00543F77 /* Headers */ = {
			isa = PBXHeadersBuildPhase;
			buildActionMask = 2147483647;
			files = (
				071D1A091C94C98200543F77 /* Duration.h in Headers */,
			);
			runOnlyForDeploymentPostprocessing = 0;
		};
/* End PBXHeadersBuildPhase section */

/* Begin PBXNativeTarget section */
		071D19D01C94C93D00543F77 /* Duration */ = {
			isa = PBXNativeTarget;
			buildConfigurationList = 071D19E51C94C93D00543F77 /* Build configuration list for PBXNativeTarget "Duration" */;
			buildPhases = (
				071D19CC1C94C93D00543F77 /* Sources */,
				071D19CD1C94C93D00543F77 /* Frameworks */,
				071D19CE1C94C93D00543F77 /* Headers */,
				071D19CF1C94C93D00543F77 /* Resources */,
				0782B7291C94CD06009090A8 /* ShellScript */,
			);
			buildRules = (
			);
			dependencies = (
			);
			name = Duration;
			productName = Duration;
			productReference = 071D19D11C94C93D00543F77 /* Duration.framework */;
			productType = "com.apple.product-type.framework";
		};
		071D19DA1C94C93D00543F77 /* DurationTests */ = {
			isa = PBXNativeTarget;
			buildConfigurationList = 071D19E81C94C93D00543F77 /* Build configuration list for PBXNativeTarget "DurationTests" */;
			buildPhases = (
				071D19D71C94C93D00543F77 /* Sources */,
				071D19D81C94C93D00543F77 /* Frameworks */,
				071D19D91C94C93D00543F77 /* Resources */,
				071D1A0A1C94C9B600543F77 /* CopyFiles */,
			);
			buildRules = (
			);
			dependencies = (
				071D19DE1C94C93D00543F77 /* PBXTargetDependency */,
			);
			name = DurationTests;
			productName = DurationTests;
			productReference = 071D19DB1C94C93D00543F77 /* DurationTests.xctest */;
			productType = "com.apple.product-type.bundle.unit-test";
		};
		071D19F11C94C95F00543F77 /* DurationMac */ = {
			isa = PBXNativeTarget;
			buildConfigurationList = 071D1A031C94C95F00543F77 /* Build configuration list for PBXNativeTarget "DurationMac" */;
			buildPhases = (
				071D19ED1C94C95F00543F77 /* Sources */,
				071D19EE1C94C95F00543F77 /* Frameworks */,
				071D19EF1C94C95F00543F77 /* Headers */,
				071D19F01C94C95F00543F77 /* Resources */,
				0782B72A1C94CD36009090A8 /* ShellScript */,
			);
			buildRules = (
			);
			dependencies = (
			);
			name = DurationMac;
			productName = DurationMac;
			productReference = 071D19F21C94C95F00543F77 /* Duration.framework */;
			productType = "com.apple.product-type.framework";
		};
		071D19FA1C94C95F00543F77 /* DurationMacTests */ = {
			isa = PBXNativeTarget;
			buildConfigurationList = 071D1A061C94C95F00543F77 /* Build configuration list for PBXNativeTarget "DurationMacTests" */;
			buildPhases = (
				071D19F71C94C95F00543F77 /* Sources */,
				071D19F81C94C95F00543F77 /* Frameworks */,
				071D19F91C94C95F00543F77 /* Resources */,
				071D1A0C1C94C9C200543F77 /* CopyFiles */,
			);
			buildRules = (
			);
			dependencies = (
				071D19FE1C94C95F00543F77 /* PBXTargetDependency */,
			);
			name = DurationMacTests;
			productName = DurationMacTests;
			productReference = 071D19FB1C94C95F00543F77 /* DurationMacTests.xctest */;
			productType = "com.apple.product-type.bundle.unit-test";
		};
/* End PBXNativeTarget section */

/* Begin PBXProject section */
		071D19C81C94C93D00543F77 /* Project object */ = {
			isa = PBXProject;
			attributes = {
				LastSwiftUpdateCheck = 0720;
				LastUpgradeCheck = 0720;
				ORGANIZATIONNAME = "James Bean";
				TargetAttributes = {
					071D19D01C94C93D00543F77 = {
						CreatedOnToolsVersion = 7.2.1;
					};
					071D19DA1C94C93D00543F77 = {
						CreatedOnToolsVersion = 7.2.1;
					};
					071D19F11C94C95F00543F77 = {
						CreatedOnToolsVersion = 7.2.1;
					};
					071D19FA1C94C95F00543F77 = {
						CreatedOnToolsVersion = 7.2.1;
					};
				};
			};
			buildConfigurationList = 071D19CB1C94C93D00543F77 /* Build configuration list for PBXProject "Duration" */;
			compatibilityVersion = "Xcode 3.2";
			developmentRegion = English;
			hasScannedForEncodings = 0;
			knownRegions = (
				en,
			);
			mainGroup = 071D19C71C94C93D00543F77;
			productRefGroup = 071D19D21C94C93D00543F77 /* Products */;
			projectDirPath = "";
			projectRoot = "";
			targets = (
				071D19D01C94C93D00543F77 /* Duration */,
				071D19DA1C94C93D00543F77 /* DurationTests */,
				071D19F11C94C95F00543F77 /* DurationMac */,
				071D19FA1C94C95F00543F77 /* DurationMacTests */,
			);
		};
/* End PBXProject section */

/* Begin PBXResourcesBuildPhase section */
		071D19CF1C94C93D00543F77 /* Resources */ = {
			isa = PBXResourcesBuildPhase;
			buildActionMask = 2147483647;
			files = (
			);
			runOnlyForDeploymentPostprocessing = 0;
		};
		071D19D91C94C93D00543F77 /* Resources */ = {
			isa = PBXResourcesBuildPhase;
			buildActionMask = 2147483647;
			files = (
			);
			runOnlyForDeploymentPostprocessing = 0;
		};
		071D19F01C94C95F00543F77 /* Resources */ = {
			isa = PBXResourcesBuildPhase;
			buildActionMask = 2147483647;
			files = (
			);
			runOnlyForDeploymentPostprocessing = 0;
		};
		071D19F91C94C95F00543F77 /* Resources */ = {
			isa = PBXResourcesBuildPhase;
			buildActionMask = 2147483647;
			files = (
			);
			runOnlyForDeploymentPostprocessing = 0;
		};
/* End PBXResourcesBuildPhase section */

/* Begin PBXShellScriptBuildPhase section */
		0782B7291C94CD06009090A8 /* ShellScript */ = {
			isa = PBXShellScriptBuildPhase;
			buildActionMask = 2147483647;
			files = (
			);
			inputPaths = (
				"$(SRCROOT)/Carthage/Build/iOS/IntervalTools.framework",
				"$(SRCROOT)/Carthage/Build/iOS/ArrayTools.framework",
				"$(SRCROOT)/Carthage/Build/iOS/ArithmeticTools.framework",
				"$(SRCROOT)/Carthage/Build/iOS/TreeTools.framework",
				"$(SRCROOT)/Carthage/Build/iOS/EnumTools.framework",
				"$(SRCROOT)/Carthage/Build/iOS/DirectionTools.framework",
			);
			outputPaths = (
			);
			runOnlyForDeploymentPostprocessing = 0;
			shellPath = /bin/sh;
			shellScript = "/usr/local/bin/carthage copy-frameworks";
		};
		0782B72A1C94CD36009090A8 /* ShellScript */ = {
			isa = PBXShellScriptBuildPhase;
			buildActionMask = 2147483647;
			files = (
			);
			inputPaths = (
				"$(SRCROOT)/Carthage/Build/Mac/IntervalTools.framework",
				"$(SRCROOT)/Carthage/Build/Mac/ArrayTools.framework",
				"$(SRCROOT)/Carthage/Build/Mac/ArithmeticTools.framework",
				"$(SRCROOT)/Carthage/Build/Mac/TreeTools.framework",
				"$(SRCROOT)/Carthage/Build/Mac/DirectionTools.framework",
				"$(SRCROOT)/Carthage/Build/Mac/EnumTools.framework",
			);
			outputPaths = (
			);
			runOnlyForDeploymentPostprocessing = 0;
			shellPath = /bin/sh;
			shellScript = "/usr/local/bin/carthage copy-frameworks";
		};
/* End PBXShellScriptBuildPhase section */

/* Begin PBXSourcesBuildPhase section */
		071D19CC1C94C93D00543F77 /* Sources */ = {
			isa = PBXSourcesBuildPhase;
			buildActionMask = 2147483647;
			files = (
				07BD491C1CB4179C00E5D9C6 /* TempoContext.swift in Sources */,
				071D1A251C94CB4C00543F77 /* MetricalDuration.swift in Sources */,
				07BD49161CB415BF00E5D9C6 /* TempoInterpolation.swift in Sources */,
				07BD49191CB4171200E5D9C6 /* Interpolation.swift in Sources */,
				079980AE1C9B45B2006A55B8 /* MetricalDurationNode.swift in Sources */,
				07BD49101CB412F800E5D9C6 /* Measure.swift in Sources */,
				079980A81C9B3984006A55B8 /* MetricalDurationSpanning.swift in Sources */,
				071D1A271C94CB4C00543F77 /* MetricalDurationInterval.swift in Sources */,
				071D1A211C94CB4C00543F77 /* Subdivision.swift in Sources */,
				076CCBEE1C9B5D0E007DC5F6 /* ElasticMetricalDurationNode.swift in Sources */,
				076CCBEB1C9B5CF5007DC5F6 /* RigidMetricalDurationNode.swift in Sources */,
				07BD491F1CB418A100E5D9C6 /* Duration.swift in Sources */,
				071D1A231C94CB4C00543F77 /* Beats.swift in Sources */,
				07BD49221CB4193900E5D9C6 /* DurationInterval.swift in Sources */,
				07BD49131CB4152700E5D9C6 /* Tempo.swift in Sources */,
			);
			runOnlyForDeploymentPostprocessing = 0;
		};
		071D19D71C94C93D00543F77 /* Sources */ = {
			isa = PBXSourcesBuildPhase;
			buildActionMask = 2147483647;
			files = (
				071D1A331C94CBFB00543F77 /* MetricalDurationTests.swift in Sources */,
				071D1A2D1C94CBFB00543F77 /* SubdivisionTests.swift in Sources */,
				071D1A2F1C94CBFB00543F77 /* MetricalDurationIntervalTests.swift in Sources */,
			);
			runOnlyForDeploymentPostprocessing = 0;
		};
		071D19ED1C94C95F00543F77 /* Sources */ = {
			isa = PBXSourcesBuildPhase;
			buildActionMask = 2147483647;
			files = (
				07BD491D1CB4179C00E5D9C6 /* TempoContext.swift in Sources */,
				071D1A261C94CB4C00543F77 /* MetricalDuration.swift in Sources */,
				07BD49171CB415BF00E5D9C6 /* TempoInterpolation.swift in Sources */,
				07BD491A1CB4171200E5D9C6 /* Interpolation.swift in Sources */,
				079980AF1C9B45B2006A55B8 /* MetricalDurationNode.swift in Sources */,
				07BD49111CB412F800E5D9C6 /* Measure.swift in Sources */,
				079980A91C9B3984006A55B8 /* MetricalDurationSpanning.swift in Sources */,
				071D1A281C94CB4C00543F77 /* MetricalDurationInterval.swift in Sources */,
				071D1A221C94CB4C00543F77 /* Subdivision.swift in Sources */,
				076CCBEF1C9B5D0E007DC5F6 /* ElasticMetricalDurationNode.swift in Sources */,
				076CCBEC1C9B5CF5007DC5F6 /* RigidMetricalDurationNode.swift in Sources */,
				07BD49201CB418A100E5D9C6 /* Duration.swift in Sources */,
				071D1A241C94CB4C00543F77 /* Beats.swift in Sources */,
				07BD49231CB4193900E5D9C6 /* DurationInterval.swift in Sources */,
				07BD49141CB4152700E5D9C6 /* Tempo.swift in Sources */,
			);
			runOnlyForDeploymentPostprocessing = 0;
		};
		071D19F71C94C95F00543F77 /* Sources */ = {
			isa = PBXSourcesBuildPhase;
			buildActionMask = 2147483647;
			files = (
				071D1A341C94CBFB00543F77 /* MetricalDurationTests.swift in Sources */,
				071D1A2E1C94CBFB00543F77 /* SubdivisionTests.swift in Sources */,
				071D1A301C94CBFB00543F77 /* MetricalDurationIntervalTests.swift in Sources */,
			);
			runOnlyForDeploymentPostprocessing = 0;
		};
/* End PBXSourcesBuildPhase section */

/* Begin PBXTargetDependency section */
		071D19DE1C94C93D00543F77 /* PBXTargetDependency */ = {
			isa = PBXTargetDependency;
			target = 071D19D01C94C93D00543F77 /* Duration */;
			targetProxy = 071D19DD1C94C93D00543F77 /* PBXContainerItemProxy */;
		};
		071D19FE1C94C95F00543F77 /* PBXTargetDependency */ = {
			isa = PBXTargetDependency;
			target = 071D19F11C94C95F00543F77 /* DurationMac */;
			targetProxy = 071D19FD1C94C95F00543F77 /* PBXContainerItemProxy */;
		};
/* End PBXTargetDependency section */

/* Begin XCBuildConfiguration section */
		071D19E31C94C93D00543F77 /* Debug */ = {
			isa = XCBuildConfiguration;
			buildSettings = {
				ALWAYS_SEARCH_USER_PATHS = NO;
				CLANG_CXX_LANGUAGE_STANDARD = "gnu++0x";
				CLANG_CXX_LIBRARY = "libc++";
				CLANG_ENABLE_MODULES = YES;
				CLANG_ENABLE_OBJC_ARC = YES;
				CLANG_WARN_BOOL_CONVERSION = YES;
				CLANG_WARN_CONSTANT_CONVERSION = YES;
				CLANG_WARN_DIRECT_OBJC_ISA_USAGE = YES_ERROR;
				CLANG_WARN_EMPTY_BODY = YES;
				CLANG_WARN_ENUM_CONVERSION = YES;
				CLANG_WARN_INT_CONVERSION = YES;
				CLANG_WARN_OBJC_ROOT_CLASS = YES_ERROR;
				CLANG_WARN_UNREACHABLE_CODE = YES;
				CLANG_WARN__DUPLICATE_METHOD_MATCH = YES;
				"CODE_SIGN_IDENTITY[sdk=iphoneos*]" = "iPhone Developer";
				COPY_PHASE_STRIP = NO;
				CURRENT_PROJECT_VERSION = 1;
				DEBUG_INFORMATION_FORMAT = dwarf;
				ENABLE_STRICT_OBJC_MSGSEND = YES;
				ENABLE_TESTABILITY = YES;
				GCC_C_LANGUAGE_STANDARD = gnu99;
				GCC_DYNAMIC_NO_PIC = NO;
				GCC_NO_COMMON_BLOCKS = YES;
				GCC_OPTIMIZATION_LEVEL = 0;
				GCC_PREPROCESSOR_DEFINITIONS = (
					"DEBUG=1",
					"$(inherited)",
				);
				GCC_WARN_64_TO_32_BIT_CONVERSION = YES;
				GCC_WARN_ABOUT_RETURN_TYPE = YES_ERROR;
				GCC_WARN_UNDECLARED_SELECTOR = YES;
				GCC_WARN_UNINITIALIZED_AUTOS = YES_AGGRESSIVE;
				GCC_WARN_UNUSED_FUNCTION = YES;
				GCC_WARN_UNUSED_VARIABLE = YES;
				IPHONEOS_DEPLOYMENT_TARGET = 9.2;
				MTL_ENABLE_DEBUG_INFO = YES;
				ONLY_ACTIVE_ARCH = YES;
				SDKROOT = iphoneos;
				SWIFT_OPTIMIZATION_LEVEL = "-Onone";
				TARGETED_DEVICE_FAMILY = "1,2";
				VERSIONING_SYSTEM = "apple-generic";
				VERSION_INFO_PREFIX = "";
			};
			name = Debug;
		};
		071D19E41C94C93D00543F77 /* Release */ = {
			isa = XCBuildConfiguration;
			buildSettings = {
				ALWAYS_SEARCH_USER_PATHS = NO;
				CLANG_CXX_LANGUAGE_STANDARD = "gnu++0x";
				CLANG_CXX_LIBRARY = "libc++";
				CLANG_ENABLE_MODULES = YES;
				CLANG_ENABLE_OBJC_ARC = YES;
				CLANG_WARN_BOOL_CONVERSION = YES;
				CLANG_WARN_CONSTANT_CONVERSION = YES;
				CLANG_WARN_DIRECT_OBJC_ISA_USAGE = YES_ERROR;
				CLANG_WARN_EMPTY_BODY = YES;
				CLANG_WARN_ENUM_CONVERSION = YES;
				CLANG_WARN_INT_CONVERSION = YES;
				CLANG_WARN_OBJC_ROOT_CLASS = YES_ERROR;
				CLANG_WARN_UNREACHABLE_CODE = YES;
				CLANG_WARN__DUPLICATE_METHOD_MATCH = YES;
				"CODE_SIGN_IDENTITY[sdk=iphoneos*]" = "iPhone Developer";
				COPY_PHASE_STRIP = NO;
				CURRENT_PROJECT_VERSION = 1;
				DEBUG_INFORMATION_FORMAT = "dwarf-with-dsym";
				ENABLE_NS_ASSERTIONS = NO;
				ENABLE_STRICT_OBJC_MSGSEND = YES;
				GCC_C_LANGUAGE_STANDARD = gnu99;
				GCC_NO_COMMON_BLOCKS = YES;
				GCC_WARN_64_TO_32_BIT_CONVERSION = YES;
				GCC_WARN_ABOUT_RETURN_TYPE = YES_ERROR;
				GCC_WARN_UNDECLARED_SELECTOR = YES;
				GCC_WARN_UNINITIALIZED_AUTOS = YES_AGGRESSIVE;
				GCC_WARN_UNUSED_FUNCTION = YES;
				GCC_WARN_UNUSED_VARIABLE = YES;
				IPHONEOS_DEPLOYMENT_TARGET = 9.2;
				MTL_ENABLE_DEBUG_INFO = NO;
				SDKROOT = iphoneos;
				TARGETED_DEVICE_FAMILY = "1,2";
				VALIDATE_PRODUCT = YES;
				VERSIONING_SYSTEM = "apple-generic";
				VERSION_INFO_PREFIX = "";
			};
			name = Release;
		};
		071D19E61C94C93D00543F77 /* Debug */ = {
			isa = XCBuildConfiguration;
			buildSettings = {
				CLANG_ENABLE_MODULES = YES;
				DEFINES_MODULE = YES;
				DYLIB_COMPATIBILITY_VERSION = 1;
				DYLIB_CURRENT_VERSION = 1;
				DYLIB_INSTALL_NAME_BASE = "@rpath";
				EMBEDDED_CONTENT_CONTAINS_SWIFT = YES;
				FRAMEWORK_SEARCH_PATHS = (
					"$(inherited)",
					"$(PROJECT_DIR)/Carthage/Build/iOS",
				);
				INFOPLIST_FILE = Duration/Info.plist;
				INSTALL_PATH = "$(LOCAL_LIBRARY_DIR)/Frameworks";
				LD_RUNPATH_SEARCH_PATHS = "$(inherited) @executable_path/Frameworks @loader_path/Frameworks";
				PRODUCT_BUNDLE_IDENTIFIER = com.bean.Duration;
				PRODUCT_NAME = "$(TARGET_NAME)";
				SKIP_INSTALL = YES;
				SWIFT_OPTIMIZATION_LEVEL = "-Onone";
			};
			name = Debug;
		};
		071D19E71C94C93D00543F77 /* Release */ = {
			isa = XCBuildConfiguration;
			buildSettings = {
				CLANG_ENABLE_MODULES = YES;
				DEFINES_MODULE = YES;
				DYLIB_COMPATIBILITY_VERSION = 1;
				DYLIB_CURRENT_VERSION = 1;
				DYLIB_INSTALL_NAME_BASE = "@rpath";
				EMBEDDED_CONTENT_CONTAINS_SWIFT = YES;
				FRAMEWORK_SEARCH_PATHS = (
					"$(inherited)",
					"$(PROJECT_DIR)/Carthage/Build/iOS",
				);
				INFOPLIST_FILE = Duration/Info.plist;
				INSTALL_PATH = "$(LOCAL_LIBRARY_DIR)/Frameworks";
				LD_RUNPATH_SEARCH_PATHS = "$(inherited) @executable_path/Frameworks @loader_path/Frameworks";
				PRODUCT_BUNDLE_IDENTIFIER = com.bean.Duration;
				PRODUCT_NAME = "$(TARGET_NAME)";
				SKIP_INSTALL = YES;
			};
			name = Release;
		};
		071D19E91C94C93D00543F77 /* Debug */ = {
			isa = XCBuildConfiguration;
			buildSettings = {
				CLANG_ENABLE_MODULES = YES;
				EMBEDDED_CONTENT_CONTAINS_SWIFT = YES;
				FRAMEWORK_SEARCH_PATHS = (
					"$(inherited)",
					"$(PROJECT_DIR)/Carthage/Build/iOS",
				);
				INFOPLIST_FILE = DurationTests/Info.plist;
				LD_RUNPATH_SEARCH_PATHS = "$(inherited) @executable_path/Frameworks @loader_path/Frameworks $(PROJECT_DIR)/Carthage/Build/iOS";
				PRODUCT_BUNDLE_IDENTIFIER = com.bean.DurationTests;
				PRODUCT_NAME = "$(TARGET_NAME)";
				SWIFT_OPTIMIZATION_LEVEL = "-Onone";
			};
			name = Debug;
		};
		071D19EA1C94C93D00543F77 /* Release */ = {
			isa = XCBuildConfiguration;
			buildSettings = {
				CLANG_ENABLE_MODULES = YES;
				EMBEDDED_CONTENT_CONTAINS_SWIFT = YES;
				FRAMEWORK_SEARCH_PATHS = (
					"$(inherited)",
					"$(PROJECT_DIR)/Carthage/Build/iOS",
				);
				INFOPLIST_FILE = DurationTests/Info.plist;
				LD_RUNPATH_SEARCH_PATHS = "$(inherited) @executable_path/Frameworks @loader_path/Frameworks $(PROJECT_DIR)/Carthage/Build/iOS";
				PRODUCT_BUNDLE_IDENTIFIER = com.bean.DurationTests;
				PRODUCT_NAME = "$(TARGET_NAME)";
			};
			name = Release;
		};
		071D1A041C94C95F00543F77 /* Debug */ = {
			isa = XCBuildConfiguration;
			buildSettings = {
				CLANG_ENABLE_MODULES = YES;
				COMBINE_HIDPI_IMAGES = YES;
				DEFINES_MODULE = YES;
				DYLIB_COMPATIBILITY_VERSION = 1;
				DYLIB_CURRENT_VERSION = 1;
				DYLIB_INSTALL_NAME_BASE = "@rpath";
				EMBEDDED_CONTENT_CONTAINS_SWIFT = YES;
				FRAMEWORK_SEARCH_PATHS = (
					"$(inherited)",
					"$(PROJECT_DIR)/Carthage/Build/Mac",
				);
				FRAMEWORK_VERSION = A;
				INFOPLIST_FILE = Duration/Info.plist;
				INSTALL_PATH = "$(LOCAL_LIBRARY_DIR)/Frameworks";
				LD_RUNPATH_SEARCH_PATHS = "$(inherited) @executable_path/../Frameworks @loader_path/Frameworks";
				MACOSX_DEPLOYMENT_TARGET = 10.9;
				PRODUCT_BUNDLE_IDENTIFIER = com.bean.DurationMac;
				PRODUCT_NAME = Duration;
				SDKROOT = macosx;
				SKIP_INSTALL = YES;
				SWIFT_OPTIMIZATION_LEVEL = "-Onone";
			};
			name = Debug;
		};
		071D1A051C94C95F00543F77 /* Release */ = {
			isa = XCBuildConfiguration;
			buildSettings = {
				CLANG_ENABLE_MODULES = YES;
				COMBINE_HIDPI_IMAGES = YES;
				DEFINES_MODULE = YES;
				DYLIB_COMPATIBILITY_VERSION = 1;
				DYLIB_CURRENT_VERSION = 1;
				DYLIB_INSTALL_NAME_BASE = "@rpath";
				EMBEDDED_CONTENT_CONTAINS_SWIFT = YES;
				FRAMEWORK_SEARCH_PATHS = (
					"$(inherited)",
					"$(PROJECT_DIR)/Carthage/Build/Mac",
				);
				FRAMEWORK_VERSION = A;
				INFOPLIST_FILE = Duration/Info.plist;
				INSTALL_PATH = "$(LOCAL_LIBRARY_DIR)/Frameworks";
				LD_RUNPATH_SEARCH_PATHS = "$(inherited) @executable_path/../Frameworks @loader_path/Frameworks";
				MACOSX_DEPLOYMENT_TARGET = 10.9;
				PRODUCT_BUNDLE_IDENTIFIER = com.bean.DurationMac;
				PRODUCT_NAME = Duration;
				SDKROOT = macosx;
				SKIP_INSTALL = YES;
			};
			name = Release;
		};
		071D1A071C94C95F00543F77 /* Debug */ = {
			isa = XCBuildConfiguration;
			buildSettings = {
				CLANG_ENABLE_MODULES = YES;
				CODE_SIGN_IDENTITY = "";
				COMBINE_HIDPI_IMAGES = YES;
				EMBEDDED_CONTENT_CONTAINS_SWIFT = YES;
				FRAMEWORK_SEARCH_PATHS = (
					"$(inherited)",
					"$(PROJECT_DIR)/Carthage/Build/Mac",
				);
				INFOPLIST_FILE = DurationTests/Info.plist;
				LD_RUNPATH_SEARCH_PATHS = "$(inherited) @executable_path/../Frameworks @loader_path/../Frameworks $(PROJECT_DIR)/Carthage/Build/Mac";
				MACOSX_DEPLOYMENT_TARGET = 10.11;
				PRODUCT_BUNDLE_IDENTIFIER = com.bean.DurationMacTests;
				PRODUCT_NAME = "$(TARGET_NAME)";
				SDKROOT = macosx;
				SWIFT_OPTIMIZATION_LEVEL = "-Onone";
			};
			name = Debug;
		};
		071D1A081C94C95F00543F77 /* Release */ = {
			isa = XCBuildConfiguration;
			buildSettings = {
				CLANG_ENABLE_MODULES = YES;
				CODE_SIGN_IDENTITY = "";
				COMBINE_HIDPI_IMAGES = YES;
				EMBEDDED_CONTENT_CONTAINS_SWIFT = YES;
				FRAMEWORK_SEARCH_PATHS = (
					"$(inherited)",
					"$(PROJECT_DIR)/Carthage/Build/Mac",
				);
				INFOPLIST_FILE = DurationTests/Info.plist;
				LD_RUNPATH_SEARCH_PATHS = "$(inherited) @executable_path/../Frameworks @loader_path/../Frameworks $(PROJECT_DIR)/Carthage/Build/Mac";
				MACOSX_DEPLOYMENT_TARGET = 10.11;
				PRODUCT_BUNDLE_IDENTIFIER = com.bean.DurationMacTests;
				PRODUCT_NAME = "$(TARGET_NAME)";
				SDKROOT = macosx;
			};
			name = Release;
		};
/* End XCBuildConfiguration section */

/* Begin XCConfigurationList section */
		071D19CB1C94C93D00543F77 /* Build configuration list for PBXProject "Duration" */ = {
			isa = XCConfigurationList;
			buildConfigurations = (
				071D19E31C94C93D00543F77 /* Debug */,
				071D19E41C94C93D00543F77 /* Release */,
			);
			defaultConfigurationIsVisible = 0;
			defaultConfigurationName = Release;
		};
		071D19E51C94C93D00543F77 /* Build configuration list for PBXNativeTarget "Duration" */ = {
			isa = XCConfigurationList;
			buildConfigurations = (
				071D19E61C94C93D00543F77 /* Debug */,
				071D19E71C94C93D00543F77 /* Release */,
			);
			defaultConfigurationIsVisible = 0;
			defaultConfigurationName = Release;
		};
		071D19E81C94C93D00543F77 /* Build configuration list for PBXNativeTarget "DurationTests" */ = {
			isa = XCConfigurationList;
			buildConfigurations = (
				071D19E91C94C93D00543F77 /* Debug */,
				071D19EA1C94C93D00543F77 /* Release */,
			);
			defaultConfigurationIsVisible = 0;
			defaultConfigurationName = Release;
		};
		071D1A031C94C95F00543F77 /* Build configuration list for PBXNativeTarget "DurationMac" */ = {
			isa = XCConfigurationList;
			buildConfigurations = (
				071D1A041C94C95F00543F77 /* Debug */,
				071D1A051C94C95F00543F77 /* Release */,
			);
			defaultConfigurationIsVisible = 0;
			defaultConfigurationName = Release;
		};
		071D1A061C94C95F00543F77 /* Build configuration list for PBXNativeTarget "DurationMacTests" */ = {
			isa = XCConfigurationList;
			buildConfigurations = (
				071D1A071C94C95F00543F77 /* Debug */,
				071D1A081C94C95F00543F77 /* Release */,
			);
			defaultConfigurationIsVisible = 0;
			defaultConfigurationName = Release;
		};
/* End XCConfigurationList section */
	};
	rootObject = 071D19C81C94C93D00543F77 /* Project object */;
}
